
Microsoft Visual Studio Solution File, Format Version 12.00
# Visual Studio Version 17
VisualStudioVersion = 17.8.34330.188
MinimumVisualStudioVersion = 10.0.40219.1
Project("{FAE04EC0-301F-11D3-BF4B-00C04F79EFBC}") = "codefirstapproach", "codefirstapproach\codefirstapproach.csproj", "{8763B5F9-3034-4335-B4A9-000C6D42BF98}"
EndProject
Global
	GlobalSection(SolutionConfigurationPlatforms) = preSolution
		Debug|Any CPU = Debug|Any CPU
		Release|Any CPU = Release|Any CPU
	EndGlobalSection
	GlobalSection(ProjectConfigurationPlatforms) = postSolution
		{8763B5F9-3034-4335-B4A9-000C6D42BF98}.Debug|Any CPU.ActiveCfg = Debug|Any CPU
		{8763B5F9-3034-4335-B4A9-000C6D42BF98}.Debug|Any CPU.Build.0 = Debug|Any CPU
		{8763B5F9-3034-4335-B4A9-000C6D42BF98}.Release|Any CPU.ActiveCfg = Release|Any CPU
		{8763B5F9-3034-4335-B4A9-000C6D42BF98}.Release|Any CPU.Build.0 = Release|Any CPU
	EndGlobalSection
	GlobalSection(SolutionProperties) = preSolution
		HideSolutionNode = FALSE
	EndGlobalSection
	GlobalSection(ExtensibilityGlobals) = postSolution
		SolutionGuid = {5E9EE142-4298-4CAE-A53B-E387155357A1}
	EndGlobalSection
EndGlobal
